# This file was autogenerated by Stack.
# You should not edit this file by hand.
# For more information, please see the documentation at:
#   https://docs.haskellstack.org/en/stable/lock_files

packages:
- completed:
    hackage: llvm-hs-9.0.1@sha256:ee6ec2eb8cba4daf2a43586388a87dbfd6a2ec6d81d1f9965896ac187acad286,8700
    pantry-tree:
      size: 13599
      sha256: 537616dec1351bd9f7905182f82f132359cf3058ebbb059c03b4edcef04b2689
  original:
    hackage: llvm-hs-9.0.1
- completed:
    hackage: llvm-hs-pure-9.0.0@sha256:134779f40086a366279f678e670b610d7a7618b28dd43f65894078fd20e04629,2945
    pantry-tree:
      size: 2600
      sha256: f1a83aa959b69b72342997fc4fdc352086bc3b9f306cfb6a4c8bbc850d36b4fb
  original:
    hackage: llvm-hs-pure-9.0.0
snapshots:
- completed:
    size: 566883
    url: https://raw.githubusercontent.com/commercialhaskell/stackage-snapshots/master/lts/10/0.yaml
    sha256: d0ee122a83faa02a679829d43b3485b21827c3cc1cce0db8ac8957b78d45bee3
  original: lts-10.0
